
Microsoft Visual Studio Solution File, Format Version 12.00
# Visual Studio Version 17
VisualStudioVersion = 17.11.35312.102
MinimumVisualStudioVersion = 10.0.40219.1
Project("{FAE04EC0-301F-11D3-BF4B-00C04F79EFBC}") = "FlappyBirdConsoleApp", "FlappyBirdConsoleApp\FlappyBirdConsoleApp.csproj", "{6E3D34E9-DE3E-44D2-A073-3FB1C36B385A}"
EndProject
Global
	GlobalSection(SolutionConfigurationPlatforms) = preSolution
		Debug|Any CPU = Debug|Any CPU
		Release|Any CPU = Release|Any CPU
	EndGlobalSection
	GlobalSection(ProjectConfigurationPlatforms) = postSolution
		{6E3D34E9-DE3E-44D2-A073-3FB1C36B385A}.Debug|Any CPU.ActiveCfg = Debug|Any CPU
		{6E3D34E9-DE3E-44D2-A073-3FB1C36B385A}.Debug|Any CPU.Build.0 = Debug|Any CPU
		{6E3D34E9-DE3E-44D2-A073-3FB1C36B385A}.Release|Any CPU.ActiveCfg = Release|Any CPU
		{6E3D34E9-DE3E-44D2-A073-3FB1C36B385A}.Release|Any CPU.Build.0 = Release|Any CPU
	EndGlobalSection
	GlobalSection(SolutionProperties) = preSolution
		HideSolutionNode = FALSE
	EndGlobalSection
	GlobalSection(ExtensibilityGlobals) = postSolution
		SolutionGuid = {92E87136-476A-4DB2-AEB9-AD95E2731455}
	EndGlobalSection
EndGlobal
